# This file is autogenerated, do not edit; changes may be undone by the next 'dep ensure'.


[[projects]]
  name = "github.com/go-kit/kit"
  packages = ["endpoint"]
  revision = "ca4112baa34cb55091301bdc13b1420a122b1b9e"
  version = "v0.7.0"

[solve-meta]
  analyzer-name = "dep"
  analyzer-version = 1
  inputs-digest = "bdce6b4db946e69eb82d7c4b220ca738a71296a1ff6f59ee5eb610aee9864d26"
  solver-name = "gps-cdcl"
  solver-version = 1
